// !$*UTF8*$!
{
	archiveVersion = 1;
	classes = {
	};
	objectVersion = 77;
	objects = {

/* Begin PBXContainerItemProxy section */
		1705ABDD2CC07A84002FEA7C /* PBXContainerItemProxy */ = {
			isa = PBXContainerItemProxy;
			containerPortal = 1705ABC42CC07A80002FEA7C /* Project object */;
			proxyType = 1;
			remoteGlobalIDString = 1705ABCB2CC07A80002FEA7C;
			remoteInfo = Bento;
		};
		1705ABE72CC07A84002FEA7C /* PBXContainerItemProxy */ = {
			isa = PBXContainerItemProxy;
			containerPortal = 1705ABC42CC07A80002FEA7C /* Project object */;
			proxyType = 1;
			remoteGlobalIDString = 1705ABCB2CC07A80002FEA7C;
			remoteInfo = Bento;
		};
/* End PBXContainerItemProxy section */

/* Begin PBXFileReference section */
		1705ABCC2CC07A80002FEA7C /* Bento.app */ = {isa = PBXFileReference; explicitFileType = wrapper.application; includeInIndex = 0; path = Bento.app; sourceTree = BUILT_PRODUCTS_DIR; };
		1705ABDC2CC07A84002FEA7C /* BentoTests.xctest */ = {isa = PBXFileReference; explicitFileType = wrapper.cfbundle; includeInIndex = 0; path = BentoTests.xctest; sourceTree = BUILT_PRODUCTS_DIR; };
		1705ABE62CC07A84002FEA7C /* BentoUITests.xctest */ = {isa = PBXFileReference; explicitFileType = wrapper.cfbundle; includeInIndex = 0; path = BentoUITests.xctest; sourceTree = BUILT_PRODUCTS_DIR; };
/* End PBXFileReference section */

/* Begin PBXFileSystemSynchronizedRootGroup section */
		1705ABCE2CC07A80002FEA7C /* Bento */ = {
			isa = PBXFileSystemSynchronizedRootGroup;
			path = Bento;
			sourceTree = "<group>";
		};
		1705ABDF2CC07A84002FEA7C /* BentoTests */ = {
			isa = PBXFileSystemSynchronizedRootGroup;
			path = BentoTests;
			sourceTree = "<group>";
		};
		1705ABE92CC07A84002FEA7C /* BentoUITests */ = {
			isa = PBXFileSystemSynchronizedRootGroup;
			path = BentoUITests;
			sourceTree = "<group>";
		};
/* End PBXFileSystemSynchronizedRootGroup section */

/* Begin PBXFrameworksBuildPhase section */
		1705ABC92CC07A80002FEA7C /* Frameworks */ = {
			isa = PBXFrameworksBuildPhase;
			buildActionMask = 2147483647;
			files = (
			);
			runOnlyForDeploymentPostprocessing = 0;
		};
		1705ABD92CC07A84002FEA7C /* Frameworks */ = {
			isa = PBXFrameworksBuildPhase;
			buildActionMask = 2147483647;
			files = (
			);
			runOnlyForDeploymentPostprocessing = 0;
		};
		1705ABE32CC07A84002FEA7C /* Frameworks */ = {
			isa = PBXFrameworksBuildPhase;
			buildActionMask = 2147483647;
			files = (
			);
			runOnlyForDeploymentPostprocessing = 0;
		};
/* End PBXFrameworksBuildPhase section */

/* Begin PBXGroup section */
		1705ABC32CC07A80002FEA7C = {
			isa = PBXGroup;
			children = (
				1705ABCE2CC07A80002FEA7C /* Bento */,
				1705ABDF2CC07A84002FEA7C /* BentoTests */,
				1705ABE92CC07A84002FEA7C /* BentoUITests */,
				1705ABCD2CC07A80002FEA7C /* Products */,
			);
			sourceTree = "<group>";
		};
		1705ABCD2CC07A80002FEA7C /* Products */ = {
			isa = PBXGroup;
			children = (
				1705ABCC2CC07A80002FEA7C /* Bento.app */,
				1705ABDC2CC07A84002FEA7C /* BentoTests.xctest */,
				1705ABE62CC07A84002FEA7C /* BentoUITests.xctest */,
			);
			name = Products;
			sourceTree = "<group>";
		};
/* End PBXGroup section */

/* Begin PBXNativeTarget section */
		1705ABCB2CC07A80002FEA7C /* Bento */ = {
			isa = PBXNativeTarget;
			buildConfigurationList = 1705ABF02CC07A84002FEA7C /* Build configuration list for PBXNativeTarget "Bento" */;
			buildPhases = (
				1705ABC82CC07A80002FEA7C /* Sources */,
				1705ABC92CC07A80002FEA7C /* Frameworks */,
				1705ABCA2CC07A80002FEA7C /* Resources */,
			);
			buildRules = (
			);
			dependencies = (
			);
			fileSystemSynchronizedGroups = (
				1705ABCE2CC07A80002FEA7C /* Bento */,
			);
			name = Bento;
			packageProductDependencies = (
			);
			productName = Bento;
			productReference = 1705ABCC2CC07A80002FEA7C /* Bento.app */;
			productType = "com.apple.product-type.application";
		};
		1705ABDB2CC07A84002FEA7C /* BentoTests */ = {
			isa = PBXNativeTarget;
			buildConfigurationList = 1705ABF32CC07A84002FEA7C /* Build configuration list for PBXNativeTarget "BentoTests" */;
			buildPhases = (
				1705ABD82CC07A84002FEA7C /* Sources */,
				1705ABD92CC07A84002FEA7C /* Frameworks */,
				1705ABDA2CC07A84002FEA7C /* Resources */,
			);
			buildRules = (
			);
			dependencies = (
				1705ABDE2CC07A84002FEA7C /* PBXTargetDependency */,
			);
			fileSystemSynchronizedGroups = (
				1705ABDF2CC07A84002FEA7C /* BentoTests */,
			);
			name = BentoTests;
			packageProductDependencies = (
			);
			productName = BentoTests;
			productReference = 1705ABDC2CC07A84002FEA7C /* BentoTests.xctest */;
			productType = "com.apple.product-type.bundle.unit-test";
		};
		1705ABE52CC07A84002FEA7C /* BentoUITests */ = {
			isa = PBXNativeTarget;
			buildConfigurationList = 1705ABF62CC07A84002FEA7C /* Build configuration list for PBXNativeTarget "BentoUITests" */;
			buildPhases = (
				1705ABE22CC07A84002FEA7C /* Sources */,
				1705ABE32CC07A84002FEA7C /* Frameworks */,
				1705ABE42CC07A84002FEA7C /* Resources */,
			);
			buildRules = (
			);
			dependencies = (
				1705ABE82CC07A84002FEA7C /* PBXTargetDependency */,
			);
			fileSystemSynchronizedGroups = (
				1705ABE92CC07A84002FEA7C /* BentoUITests */,
			);
			name = BentoUITests;
			packageProductDependencies = (
			);
			productName = BentoUITests;
			productReference = 1705ABE62CC07A84002FEA7C /* BentoUITests.xctest */;
			productType = "com.apple.product-type.bundle.ui-testing";
		};
/* End PBXNativeTarget section */

/* Begin PBXProject section */
		1705ABC42CC07A80002FEA7C /* Project object */ = {
			isa = PBXProject;
			attributes = {
				BuildIndependentTargetsInParallel = 1;
				LastSwiftUpdateCheck = 1600;
				LastUpgradeCheck = 1600;
				TargetAttributes = {
					1705ABCB2CC07A80002FEA7C = {
						CreatedOnToolsVersion = 16.0;
					};
					1705ABDB2CC07A84002FEA7C = {
						CreatedOnToolsVersion = 16.0;
						TestTargetID = 1705ABCB2CC07A80002FEA7C;
					};
					1705ABE52CC07A84002FEA7C = {
						CreatedOnToolsVersion = 16.0;
						TestTargetID = 1705ABCB2CC07A80002FEA7C;
					};
				};
			};
			buildConfigurationList = 1705ABC72CC07A80002FEA7C /* Build configuration list for PBXProject "Bento" */;
			developmentRegion = en;
			hasScannedForEncodings = 0;
			knownRegions = (
				en,
				Base,
			);
			mainGroup = 1705ABC32CC07A80002FEA7C;
			minimizedProjectReferenceProxies = 1;
			preferredProjectObjectVersion = 77;
			productRefGroup = 1705ABCD2CC07A80002FEA7C /* Products */;
			projectDirPath = "";
			projectRoot = "";
			targets = (
				1705ABCB2CC07A80002FEA7C /* Bento */,
				1705ABDB2CC07A84002FEA7C /* BentoTests */,
				1705ABE52CC07A84002FEA7C /* BentoUITests */,
			);
		};
/* End PBXProject section */

/* Begin PBXResourcesBuildPhase section */
		1705ABCA2CC07A80002FEA7C /* Resources */ = {
			isa = PBXResourcesBuildPhase;
			buildActionMask = 2147483647;
			files = (
			);
			runOnlyForDeploymentPostprocessing = 0;
		};
		1705ABDA2CC07A84002FEA7C /* Resources */ = {
			isa = PBXResourcesBuildPhase;
			buildActionMask = 2147483647;
			files = (
			);
			runOnlyForDeploymentPostprocessing = 0;
		};
		1705ABE42CC07A84002FEA7C /* Resources */ = {
			isa = PBXResourcesBuildPhase;
			buildActionMask = 2147483647;
			files = (
			);
			runOnlyForDeploymentPostprocessing = 0;
		};
/* End PBXResourcesBuildPhase section */

/* Begin PBXSourcesBuildPhase section */
		1705ABC82CC07A80002FEA7C /* Sources */ = {
			isa = PBXSourcesBuildPhase;
			buildActionMask = 2147483647;
			files = (
			);
			runOnlyForDeploymentPostprocessing = 0;
		};
		1705ABD82CC07A84002FEA7C /* Sources */ = {
			isa = PBXSourcesBuildPhase;
			buildActionMask = 2147483647;
			files = (
			);
			runOnlyForDeploymentPostprocessing = 0;
		};
		1705ABE22CC07A84002FEA7C /* Sources */ = {
			isa = PBXSourcesBuildPhase;
			buildActionMask = 2147483647;
			files = (
			);
			runOnlyForDeploymentPostprocessing = 0;
		};
/* End PBXSourcesBuildPhase section */

/* Begin PBXTargetDependency section */
		1705ABDE2CC07A84002FEA7C /* PBXTargetDependency */ = {
			isa = PBXTargetDependency;
			target = 1705ABCB2CC07A80002FEA7C /* Bento */;
			targetProxy = 1705ABDD2CC07A84002FEA7C /* PBXContainerItemProxy */;
		};
		1705ABE82CC07A84002FEA7C /* PBXTargetDependency */ = {
			isa = PBXTargetDependency;
			target = 1705ABCB2CC07A80002FEA7C /* Bento */;
			targetProxy = 1705ABE72CC07A84002FEA7C /* PBXContainerItemProxy */;
		};
/* End PBXTargetDependency section */

/* Begin XCBuildConfiguration section */
		1705ABEE2CC07A84002FEA7C /* Debug */ = {
			isa = XCBuildConfiguration;
			buildSettings = {
				ALWAYS_SEARCH_USER_PATHS = NO;
				ASSETCATALOG_COMPILER_GENERATE_SWIFT_ASSET_SYMBOL_EXTENSIONS = YES;
				CLANG_ANALYZER_NONNULL = YES;
				CLANG_ANALYZER_NUMBER_OBJECT_CONVERSION = YES_AGGRESSIVE;
				CLANG_CXX_LANGUAGE_STANDARD = "gnu++20";
				CLANG_ENABLE_MODULES = YES;
				CLANG_ENABLE_OBJC_ARC = YES;
				CLANG_ENABLE_OBJC_WEAK = YES;
				CLANG_WARN_BLOCK_CAPTURE_AUTORELEASING = YES;
				CLANG_WARN_BOOL_CONVERSION = YES;
				CLANG_WARN_COMMA = YES;
				CLANG_WARN_CONSTANT_CONVERSION = YES;
				CLANG_WARN_DEPRECATED_OBJC_IMPLEMENTATIONS = YES;
				CLANG_WARN_DIRECT_OBJC_ISA_USAGE = YES_ERROR;
				CLANG_WARN_DOCUMENTATION_COMMENTS = YES;
				CLANG_WARN_EMPTY_BODY = YES;
				CLANG_WARN_ENUM_CONVERSION = YES;
				CLANG_WARN_INFINITE_RECURSION = YES;
				CLANG_WARN_INT_CONVERSION = YES;
				CLANG_WARN_NON_LITERAL_NULL_CONVERSION = YES;
				CLANG_WARN_OBJC_IMPLICIT_RETAIN_SELF = YES;
				CLANG_WARN_OBJC_LITERAL_CONVERSION = YES;
				CLANG_WARN_OBJC_ROOT_CLASS = YES_ERROR;
				CLANG_WARN_QUOTED_INCLUDE_IN_FRAMEWORK_HEADER = YES;
				CLANG_WARN_RANGE_LOOP_ANALYSIS = YES;
				CLANG_WARN_STRICT_PROTOTYPES = YES;
				CLANG_WARN_SUSPICIOUS_MOVE = YES;
				CLANG_WARN_UNGUARDED_AVAILABILITY = YES_AGGRESSIVE;
				CLANG_WARN_UNREACHABLE_CODE = YES;
				CLANG_WARN__DUPLICATE_METHOD_MATCH = YES;
				COPY_PHASE_STRIP = NO;
				DEBUG_INFORMATION_FORMAT = dwarf;
				ENABLE_STRICT_OBJC_MSGSEND = YES;
				ENABLE_TESTABILITY = YES;
				ENABLE_USER_SCRIPT_SANDBOXING = YES;
				GCC_C_LANGUAGE_STANDARD = gnu17;
				GCC_DYNAMIC_NO_PIC = NO;
				GCC_NO_COMMON_BLOCKS = YES;
				GCC_OPTIMIZATION_LEVEL = 0;
				GCC_PREPROCESSOR_DEFINITIONS = (
					"DEBUG=1",
					"$(inherited)",
				);
				GCC_WARN_64_TO_32_BIT_CONVERSION = YES;
				GCC_WARN_ABOUT_RETURN_TYPE = YES_ERROR;
				GCC_WARN_UNDECLARED_SELECTOR = YES;
				GCC_WARN_UNINITIALIZED_AUTOS = YES_AGGRESSIVE;
				GCC_WARN_UNUSED_FUNCTION = YES;
				GCC_WARN_UNUSED_VARIABLE = YES;
				IPHONEOS_DEPLOYMENT_TARGET = 18.0;
				LOCALIZATION_PREFERS_STRING_CATALOGS = YES;
				MTL_ENABLE_DEBUG_INFO = INCLUDE_SOURCE;
				MTL_FAST_MATH = YES;
				ONLY_ACTIVE_ARCH = YES;
				SDKROOT = iphoneos;
				SWIFT_ACTIVE_COMPILATION_CONDITIONS = "DEBUG $(inherited)";
				SWIFT_OPTIMIZATION_LEVEL = "-Onone";
			};
			name = Debug;
		};
		1705ABEF2CC07A84002FEA7C /* Release */ = {
			isa = XCBuildConfiguration;
			buildSettings = {
				ALWAYS_SEARCH_USER_PATHS = NO;
				ASSETCATALOG_COMPILER_GENERATE_SWIFT_ASSET_SYMBOL_EXTENSIONS = YES;
				CLANG_ANALYZER_NONNULL = YES;
				CLANG_ANALYZER_NUMBER_OBJECT_CONVERSION = YES_AGGRESSIVE;
				CLANG_CXX_LANGUAGE_STANDARD = "gnu++20";
				CLANG_ENABLE_MODULES = YES;
				CLANG_ENABLE_OBJC_ARC = YES;
				CLANG_ENABLE_OBJC_WEAK = YES;
				CLANG_WARN_BLOCK_CAPTURE_AUTORELEASING = YES;
				CLANG_WARN_BOOL_CONVERSION = YES;
				CLANG_WARN_COMMA = YES;
				CLANG_WARN_CONSTANT_CONVERSION = YES;
				CLANG_WARN_DEPRECATED_OBJC_IMPLEMENTATIONS = YES;
				CLANG_WARN_DIRECT_OBJC_ISA_USAGE = YES_ERROR;
				CLANG_WARN_DOCUMENTATION_COMMENTS = YES;
				CLANG_WARN_EMPTY_BODY = YES;
				CLANG_WARN_ENUM_CONVERSION = YES;
				CLANG_WARN_INFINITE_RECURSION = YES;
				CLANG_WARN_INT_CONVERSION = YES;
				CLANG_WARN_NON_LITERAL_NULL_CONVERSION = YES;
				CLANG_WARN_OBJC_IMPLICIT_RETAIN_SELF = YES;
				CLANG_WARN_OBJC_LITERAL_CONVERSION = YES;
				CLANG_WARN_OBJC_ROOT_CLASS = YES_ERROR;
				CLANG_WARN_QUOTED_INCLUDE_IN_FRAMEWORK_HEADER = YES;
				CLANG_WARN_RANGE_LOOP_ANALYSIS = YES;
				CLANG_WARN_STRICT_PROTOTYPES = YES;
				CLANG_WARN_SUSPICIOUS_MOVE = YES;
				CLANG_WARN_UNGUARDED_AVAILABILITY = YES_AGGRESSIVE;
				CLANG_WARN_UNREACHABLE_CODE = YES;
				CLANG_WARN__DUPLICATE_METHOD_MATCH = YES;
				COPY_PHASE_STRIP = NO;
				DEBUG_INFORMATION_FORMAT = "dwarf-with-dsym";
				ENABLE_NS_ASSERTIONS = NO;
				ENABLE_STRICT_OBJC_MSGSEND = YES;
				ENABLE_USER_SCRIPT_SANDBOXING = YES;
				GCC_C_LANGUAGE_STANDARD = gnu17;
				GCC_NO_COMMON_BLOCKS = YES;
				GCC_WARN_64_TO_32_BIT_CONVERSION = YES;
				GCC_WARN_ABOUT_RETURN_TYPE = YES_ERROR;
				GCC_WARN_UNDECLARED_SELECTOR = YES;
				GCC_WARN_UNINITIALIZED_AUTOS = YES_AGGRESSIVE;
				GCC_WARN_UNUSED_FUNCTION = YES;
				GCC_WARN_UNUSED_VARIABLE = YES;
				IPHONEOS_DEPLOYMENT_TARGET = 18.0;
				LOCALIZATION_PREFERS_STRING_CATALOGS = YES;
				MTL_ENABLE_DEBUG_INFO = NO;
				MTL_FAST_MATH = YES;
				SDKROOT = iphoneos;
				SWIFT_COMPILATION_MODE = wholemodule;
				VALIDATE_PRODUCT = YES;
			};
			name = Release;
		};
		1705ABF12CC07A84002FEA7C /* Debug */ = {
			isa = XCBuildConfiguration;
			buildSettings = {
				ASSETCATALOG_COMPILER_APPICON_NAME = AppIcon;
				ASSETCATALOG_COMPILER_GLOBAL_ACCENT_COLOR_NAME = AccentColor;
				CODE_SIGN_STYLE = Automatic;
				CURRENT_PROJECT_VERSION = 1;
				DEVELOPMENT_ASSET_PATHS = "\"Bento/Preview Content\"";
				DEVELOPMENT_TEAM = 8CSXQ3YTP6;
				ENABLE_PREVIEWS = YES;
				GENERATE_INFOPLIST_FILE = YES;
				INFOPLIST_KEY_UIApplicationSceneManifest_Generation = YES;
				INFOPLIST_KEY_UIApplicationSupportsIndirectInputEvents = YES;
				INFOPLIST_KEY_UILaunchScreen_Generation = YES;
				INFOPLIST_KEY_UISupportedInterfaceOrientations_iPad = "UIInterfaceOrientationPortrait UIInterfaceOrientationPortraitUpsideDown UIInterfaceOrientationLandscapeLeft UIInterfaceOrientationLandscapeRight";
				INFOPLIST_KEY_UISupportedInterfaceOrientations_iPhone = "UIInterfaceOrientationPortrait UIInterfaceOrientationLandscapeLeft UIInterfaceOrientationLandscapeRight";
				LD_RUNPATH_SEARCH_PATHS = (
					"$(inherited)",
					"@executable_path/Frameworks",
				);
				MARKETING_VERSION = 1.0;
				PRODUCT_BUNDLE_IDENTIFIER = com.griddynamics.Bento;
				PRODUCT_NAME = "$(TARGET_NAME)";
				SWIFT_EMIT_LOC_STRINGS = YES;
				SWIFT_VERSION = 5.0;
				TARGETED_DEVICE_FAMILY = "1,2";
			};
			name = Debug;
		};
		1705ABF22CC07A84002FEA7C /* Release */ = {
			isa = XCBuildConfiguration;
			buildSettings = {
				ASSETCATALOG_COMPILER_APPICON_NAME = AppIcon;
				ASSETCATALOG_COMPILER_GLOBAL_ACCENT_COLOR_NAME = AccentColor;
				CODE_SIGN_STYLE = Automatic;
				CURRENT_PROJECT_VERSION = 1;
				DEVELOPMENT_ASSET_PATHS = "\"Bento/Preview Content\"";
				DEVELOPMENT_TEAM = 8CSXQ3YTP6;
				ENABLE_PREVIEWS = YES;
				GENERATE_INFOPLIST_FILE = YES;
				INFOPLIST_KEY_UIApplicationSceneManifest_Generation = YES;
				INFOPLIST_KEY_UIApplicationSupportsIndirectInputEvents = YES;
				INFOPLIST_KEY_UILaunchScreen_Generation = YES;
				INFOPLIST_KEY_UISupportedInterfaceOrientations_iPad = "UIInterfaceOrientationPortrait UIInterfaceOrientationPortraitUpsideDown UIInterfaceOrientationLandscapeLeft UIInterfaceOrientationLandscapeRight";
				INFOPLIST_KEY_UISupportedInterfaceOrientations_iPhone = "UIInterfaceOrientationPortrait UIInterfaceOrientationLandscapeLeft UIInterfaceOrientationLandscapeRight";
				LD_RUNPATH_SEARCH_PATHS = (
					"$(inherited)",
					"@executable_path/Frameworks",
				);
				MARKETING_VERSION = 1.0;
				PRODUCT_BUNDLE_IDENTIFIER = com.griddynamics.Bento;
				PRODUCT_NAME = "$(TARGET_NAME)";
				SWIFT_EMIT_LOC_STRINGS = YES;
				SWIFT_VERSION = 5.0;
				TARGETED_DEVICE_FAMILY = "1,2";
			};
			name = Release;
		};
		1705ABF42CC07A84002FEA7C /* Debug */ = {
			isa = XCBuildConfiguration;
			buildSettings = {
				BUNDLE_LOADER = "$(TEST_HOST)";
				CODE_SIGN_STYLE = Automatic;
				CURRENT_PROJECT_VERSION = 1;
				DEVELOPMENT_TEAM = 8CSXQ3YTP6;
				GENERATE_INFOPLIST_FILE = YES;
				IPHONEOS_DEPLOYMENT_TARGET = 18.0;
				MARKETING_VERSION = 1.0;
				PRODUCT_BUNDLE_IDENTIFIER = com.griddynamics.BentoTests;
				PRODUCT_NAME = "$(TARGET_NAME)";
				SWIFT_EMIT_LOC_STRINGS = NO;
				SWIFT_VERSION = 5.0;
				TARGETED_DEVICE_FAMILY = "1,2";
				TEST_HOST = "$(BUILT_PRODUCTS_DIR)/Bento.app/$(BUNDLE_EXECUTABLE_FOLDER_PATH)/Bento";
			};
			name = Debug;
		};
		1705ABF52CC07A84002FEA7C /* Release */ = {
			isa = XCBuildConfiguration;
			buildSettings = {
				BUNDLE_LOADER = "$(TEST_HOST)";
				CODE_SIGN_STYLE = Automatic;
				CURRENT_PROJECT_VERSION = 1;
				DEVELOPMENT_TEAM = 8CSXQ3YTP6;
				GENERATE_INFOPLIST_FILE = YES;
				IPHONEOS_DEPLOYMENT_TARGET = 18.0;
				MARKETING_VERSION = 1.0;
				PRODUCT_BUNDLE_IDENTIFIER = com.griddynamics.BentoTests;
				PRODUCT_NAME = "$(TARGET_NAME)";
				SWIFT_EMIT_LOC_STRINGS = NO;
				SWIFT_VERSION = 5.0;
				TARGETED_DEVICE_FAMILY = "1,2";
				TEST_HOST = "$(BUILT_PRODUCTS_DIR)/Bento.app/$(BUNDLE_EXECUTABLE_FOLDER_PATH)/Bento";
			};
			name = Release;
		};
		1705ABF72CC07A84002FEA7C /* Debug */ = {
			isa = XCBuildConfiguration;
			buildSettings = {
				CODE_SIGN_STYLE = Automatic;
				CURRENT_PROJECT_VERSION = 1;
				DEVELOPMENT_TEAM = 8CSXQ3YTP6;
				GENERATE_INFOPLIST_FILE = YES;
				MARKETING_VERSION = 1.0;
				PRODUCT_BUNDLE_IDENTIFIER = com.griddynamics.BentoUITests;
				PRODUCT_NAME = "$(TARGET_NAME)";
				SWIFT_EMIT_LOC_STRINGS = NO;
				SWIFT_VERSION = 5.0;
				TARGETED_DEVICE_FAMILY = "1,2";
				TEST_TARGET_NAME = Bento;
			};
			name = Debug;
		};
		1705ABF82CC07A84002FEA7C /* Release */ = {
			isa = XCBuildConfiguration;
			buildSettings = {
				CODE_SIGN_STYLE = Automatic;
				CURRENT_PROJECT_VERSION = 1;
				DEVELOPMENT_TEAM = 8CSXQ3YTP6;
				GENERATE_INFOPLIST_FILE = YES;
				MARKETING_VERSION = 1.0;
				PRODUCT_BUNDLE_IDENTIFIER = com.griddynamics.BentoUITests;
				PRODUCT_NAME = "$(TARGET_NAME)";
				SWIFT_EMIT_LOC_STRINGS = NO;
				SWIFT_VERSION = 5.0;
				TARGETED_DEVICE_FAMILY = "1,2";
				TEST_TARGET_NAME = Bento;
			};
			name = Release;
		};
/* End XCBuildConfiguration section */

/* Begin XCConfigurationList section */
		1705ABC72CC07A80002FEA7C /* Build configuration list for PBXProject "Bento" */ = {
			isa = XCConfigurationList;
			buildConfigurations = (
				1705ABEE2CC07A84002FEA7C /* Debug */,
				1705ABEF2CC07A84002FEA7C /* Release */,
			);
			defaultConfigurationIsVisible = 0;
			defaultConfigurationName = Release;
		};
		1705ABF02CC07A84002FEA7C /* Build configuration list for PBXNativeTarget "Bento" */ = {
			isa = XCConfigurationList;
			buildConfigurations = (
				1705ABF12CC07A84002FEA7C /* Debug */,
				1705ABF22CC07A84002FEA7C /* Release */,
			);
			defaultConfigurationIsVisible = 0;
			defaultConfigurationName = Release;
		};
		1705ABF32CC07A84002FEA7C /* Build configuration list for PBXNativeTarget "BentoTests" */ = {
			isa = XCConfigurationList;
			buildConfigurations = (
				1705ABF42CC07A84002FEA7C /* Debug */,
				1705ABF52CC07A84002FEA7C /* Release */,
			);
			defaultConfigurationIsVisible = 0;
			defaultConfigurationName = Release;
		};
		1705ABF62CC07A84002FEA7C /* Build configuration list for PBXNativeTarget "BentoUITests" */ = {
			isa = XCConfigurationList;
			buildConfigurations = (
				1705ABF72CC07A84002FEA7C /* Debug */,
				1705ABF82CC07A84002FEA7C /* Release */,
			);
			defaultConfigurationIsVisible = 0;
			defaultConfigurationName = Release;
		};
/* End XCConfigurationList section */
	};
	rootObject = 1705ABC42CC07A80002FEA7C /* Project object */;
}
